{
  "name": "@moasko/expo-forge",
  "version": "2.1.4",
  "lockfileVersion": 3,
  "requires": true,
  "packages": {
    "": {
      "name": "@moasko/expo-forge",
      "version": "2.1.4",
      "license": "MIT",
      "dependencies": {
        "commander": "^11.1.0"
      },
      "bin": {
        "create-expo-forge-app": "bin/create-expo-forge-app.js",
        "expo-forge": "bin/expo-forge.js"
      },
      "engines": {
        "node": ">=16.0.0",
        "npm": ">=7.0.0"
      }
    },
    "node_modules/commander": {
      "version": "11.1.0",
      "resolved": "https://registry.npmjs.org/commander/-/commander-11.1.0.tgz",
      "integrity": "sha512-yPVavfyCcRhmorC7rWlkHn15b4wDVgVmBA7kV4QVBsF7kv/9TKJAbAXVTxvTnwP8HHKjRCJDClKbciiYS7p0DQ==",
      "license": "MIT",
      "engines": {
        "node": ">=16"
      }
    }
  }
}
